
Microsoft Visual Studio Solution File, Format Version 12.00
# Visual Studio Version 17
VisualStudioVersion = 17.4.33213.308
MinimumVisualStudioVersion = 10.0.40219.1
Project("{9A19103F-16F7-4668-BE54-9A1E7A4F7556}") = "batch-webapi", "batch-webapi\batch-webapi.csproj", "{0D9129BA-F204-4030-AE27-7D8106010FD0}"
EndProject
Project("{FAE04EC0-301F-11D3-BF4B-00C04F79EFBC}") = "batch-webapi-tests", "batch-webapi-tests\batch-webapi-tests.csproj", "{93BA87AE-B36D-4ACD-8B50-4A6C644A88EF}"
EndProject
Global
	GlobalSection(SolutionConfigurationPlatforms) = preSolution
		Debug|Any CPU = Debug|Any CPU
		Release|Any CPU = Release|Any CPU
	EndGlobalSection
	GlobalSection(ProjectConfigurationPlatforms) = postSolution
		{0D9129BA-F204-4030-AE27-7D8106010FD0}.Debug|Any CPU.ActiveCfg = Debug|Any CPU
		{0D9129BA-F204-4030-AE27-7D8106010FD0}.Debug|Any CPU.Build.0 = Debug|Any CPU
		{0D9129BA-F204-4030-AE27-7D8106010FD0}.Release|Any CPU.ActiveCfg = Release|Any CPU
		{0D9129BA-F204-4030-AE27-7D8106010FD0}.Release|Any CPU.Build.0 = Release|Any CPU
		{93BA87AE-B36D-4ACD-8B50-4A6C644A88EF}.Debug|Any CPU.ActiveCfg = Debug|Any CPU
		{93BA87AE-B36D-4ACD-8B50-4A6C644A88EF}.Debug|Any CPU.Build.0 = Debug|Any CPU
		{93BA87AE-B36D-4ACD-8B50-4A6C644A88EF}.Release|Any CPU.ActiveCfg = Release|Any CPU
		{93BA87AE-B36D-4ACD-8B50-4A6C644A88EF}.Release|Any CPU.Build.0 = Release|Any CPU
	EndGlobalSection
	GlobalSection(SolutionProperties) = preSolution
		HideSolutionNode = FALSE
	EndGlobalSection
	GlobalSection(ExtensibilityGlobals) = postSolution
		SolutionGuid = {1F1AAB45-EF67-4A3C-AA5C-2A331E773C7B}
	EndGlobalSection
EndGlobal
